# THIS IS AN AUTOGENERATED FILE. DO NOT EDIT THIS FILE DIRECTLY.
# yarn lockfile v1


codemirror@^5.49.0:
  version "5.49.0"
  resolved "https://registry.yarnpkg.com/codemirror/-/codemirror-5.49.0.tgz#adedbffcc81091e4a0334bcb96b1ae3b7ada5e3f"
  integrity sha512-Hyzr0HToBdZpLBN9dYFO/KlJAsKH37/cXVHPAqa+imml0R92tb9AkmsvjnXL+SluEvjjdfkDgRjc65NG5jnMYA==

react-codemirror2@^6.0.0:
  version "6.0.0"
  resolved "https://registry.yarnpkg.com/react-codemirror2/-/react-codemirror2-6.0.0.tgz#180065df57a64026026cde569a9708fdf7656525"
  integrity sha512-D7y9qZ05FbUh9blqECaJMdDwKluQiO3A9xB+fssd5jKM7YAXucRuEOlX32mJQumUvHUkHRHqXIPBjm6g0FW0Ag==
